{
  "pins" : [
    {
      "identity" : "domains",
      "kind" : "remoteSourceControl",
      "location" : "https://github.com/privacy-inc/domains.git",
      "state" : {
        "branch" : "main",
        "revision" : "2ff35518fc6b46de626fcd765a39bad1f02ddfbf"
      }
    },
    {
      "identity" : "package",
      "kind" : "remoteSourceControl",
      "location" : "https://github.com/archivable/package.git",
      "state" : {
        "branch" : "main",
        "revision" : "bf208acb9f8ca7858381c47cb9597ce760a1f740"
      }
    }
  ],
  "version" : 2
}
