// !$*UTF8*$!
{
	archiveVersion = 1;
	classes = {
	};
	objectVersion = 56;
	objects = {

/* Begin PBXBuildFile section */
		3809D5282943704C00FB1454 /* Website.Info.swift in Sources */ = {isa = PBXBuildFile; fileRef = 3809D5272943704C00FB1454 /* Website.Info.swift */; };
		3818EC3A293E4B2700D93D06 /* Detail.Export.swift in Sources */ = {isa = PBXBuildFile; fileRef = 3818EC39293E4B2700D93D06 /* Detail.Export.swift */; };
		3830DFDE29424672000E1E78 /* Webview.Preview.swift in Sources */ = {isa = PBXBuildFile; fileRef = 3830DFDD29424672000E1E78 /* Webview.Preview.swift */; };
		CE0E06EB292CFC4300C1C034 /* Download.Fail.swift in Sources */ = {isa = PBXBuildFile; fileRef = CE0E06EA292CFC4300C1C034 /* Download.Fail.swift */; };
		CE0E06ED292CFEF100C1C034 /* Downloads.Item.swift in Sources */ = {isa = PBXBuildFile; fileRef = CE0E06EC292CFEF100C1C034 /* Downloads.Item.swift */; };
		CE1324412912B00200418B13 /* Browser.swift in Sources */ = {isa = PBXBuildFile; fileRef = CE1324402912B00200418B13 /* Browser.swift */; };
		CE1324432912D0FE00418B13 /* Bar.swift in Sources */ = {isa = PBXBuildFile; fileRef = CE1324422912D0FE00418B13 /* Bar.swift */; };
		CE1324452912D1E200418B13 /* Field.swift in Sources */ = {isa = PBXBuildFile; fileRef = CE1324442912D1E100418B13 /* Field.swift */; };
		CE1324472912D26700418B13 /* Search.swift in Sources */ = {isa = PBXBuildFile; fileRef = CE1324462912D26700418B13 /* Search.swift */; };
		CE28A8BB292BB17900ADB312 /* Bar.Encryption.swift in Sources */ = {isa = PBXBuildFile; fileRef = CE28A8BA292BB17900ADB312 /* Bar.Encryption.swift */; };
		CE2E090A2930E5C2001E8FCC /* Delegate.swift in Sources */ = {isa = PBXBuildFile; fileRef = CE2E09092930E5C2001E8FCC /* Delegate.swift */; };
		CE36C092291534690038B79F /* Tabs.swift in Sources */ = {isa = PBXBuildFile; fileRef = CE36C091291534690038B79F /* Tabs.swift */; };
		CE36C0942915349B0038B79F /* Tabs.Item.swift in Sources */ = {isa = PBXBuildFile; fileRef = CE36C0932915349B0038B79F /* Tabs.Item.swift */; };
		CE36C0962915381B0038B79F /* Category.swift in Sources */ = {isa = PBXBuildFile; fileRef = CE36C0952915381B0038B79F /* Category.swift */; };
		CE67A590292673120005FCB9 /* Weberror.swift in Sources */ = {isa = PBXBuildFile; fileRef = CE67A58F292673120005FCB9 /* Weberror.swift */; };
		CE6BFCFF291D51F200595BEF /* Bookmarks.swift in Sources */ = {isa = PBXBuildFile; fileRef = CE6BFCFE291D51F200595BEF /* Bookmarks.swift */; };
		CEA53E3D292CDCCB00676FB4 /* Download.swift in Sources */ = {isa = PBXBuildFile; fileRef = CEA53E3C292CDCCB00676FB4 /* Download.swift */; };
		CEA53E3F292CE1FC00676FB4 /* Downloads.swift in Sources */ = {isa = PBXBuildFile; fileRef = CEA53E3E292CE1FC00676FB4 /* Downloads.swift */; };
		CEAA603629112F5D00431596 /* App.swift in Sources */ = {isa = PBXBuildFile; fileRef = CEAA603529112F5D00431596 /* App.swift */; };
		CEAA603829112F5D00431596 /* Navigation.swift in Sources */ = {isa = PBXBuildFile; fileRef = CEAA603729112F5D00431596 /* Navigation.swift */; };
		CEAA603A29112F5E00431596 /* Assets.xcassets in Resources */ = {isa = PBXBuildFile; fileRef = CEAA603929112F5E00431596 /* Assets.xcassets */; };
		CEAA6043291136FE00431596 /* Engine in Frameworks */ = {isa = PBXBuildFile; productRef = CEAA6042291136FE00431596 /* Engine */; };
		CEACBD202917F14600A7104A /* History.swift in Sources */ = {isa = PBXBuildFile; fileRef = CEACBD1F2917F14600A7104A /* History.swift */; };
		CEACBD242917F49B00A7104A /* History.Day.swift in Sources */ = {isa = PBXBuildFile; fileRef = CEACBD232917F49B00A7104A /* History.Day.swift */; };
		CEAFD8F5292A922100B55BB5 /* UserDefaults.swift in Sources */ = {isa = PBXBuildFile; fileRef = CEAFD8F4292A922100B55BB5 /* UserDefaults.swift */; };
		CEB3172E291A75AC0099992E /* Detail.Progress.swift in Sources */ = {isa = PBXBuildFile; fileRef = CEB3172D291A75AC0099992E /* Detail.Progress.swift */; };
		CEB94309291E65B400DF793C /* Reads.swift in Sources */ = {isa = PBXBuildFile; fileRef = CEB94308291E65B400DF793C /* Reads.swift */; };
		CEB9430D291E7F1C00DF793C /* Bookmarks.Edit.swift in Sources */ = {isa = PBXBuildFile; fileRef = CEB9430C291E7F1C00DF793C /* Bookmarks.Edit.swift */; };
		CEBCB1F82919232200A35A0C /* Website.swift in Sources */ = {isa = PBXBuildFile; fileRef = CEBCB1F72919232200A35A0C /* Website.swift */; };
		CECB8D7729113A86002600F1 /* Sidebar.swift in Sources */ = {isa = PBXBuildFile; fileRef = CECB8D7629113A86002600F1 /* Sidebar.swift */; };
		CECB8D7929113BA3002600F1 /* Session.swift in Sources */ = {isa = PBXBuildFile; fileRef = CECB8D7829113BA3002600F1 /* Session.swift */; };
		CECB8D7B29114390002600F1 /* Detail.swift in Sources */ = {isa = PBXBuildFile; fileRef = CECB8D7A29114390002600F1 /* Detail.swift */; };
		CECB8D8129114C40002600F1 /* Tab.swift in Sources */ = {isa = PBXBuildFile; fileRef = CECB8D8029114C40002600F1 /* Tab.swift */; };
		CECB8D8429116030002600F1 /* AbstractWebview.swift in Sources */ = {isa = PBXBuildFile; fileRef = CECB8D8329116030002600F1 /* AbstractWebview.swift */; };
		CECB8D862911620F002600F1 /* Webview.swift in Sources */ = {isa = PBXBuildFile; fileRef = CECB8D852911620F002600F1 /* Webview.swift */; };
		CECF48B4292A5C9B00251A2D /* Detail.Reader.swift in Sources */ = {isa = PBXBuildFile; fileRef = CECF48B3292A5C9B00251A2D /* Detail.Reader.swift */; };
		CECF48B6292A5F6600251A2D /* AttributedString.swift in Sources */ = {isa = PBXBuildFile; fileRef = CECF48B5292A5F6600251A2D /* AttributedString.swift */; };
		CEDE8B5B292E491400FEF02E /* Array.Tab.swift in Sources */ = {isa = PBXBuildFile; fileRef = CEDE8B5A292E491400FEF02E /* Array.Tab.swift */; };
		CEE1F16A29278FC00084A331 /* Detail.Tab.swift in Sources */ = {isa = PBXBuildFile; fileRef = CEE1F16929278FC00084A331 /* Detail.Tab.swift */; };
		CEE1F16C292790160084A331 /* Detail.Error.swift in Sources */ = {isa = PBXBuildFile; fileRef = CEE1F16B292790160084A331 /* Detail.Error.swift */; };
		CEE1F16E29279CA80084A331 /* Detail.More.swift in Sources */ = {isa = PBXBuildFile; fileRef = CEE1F16D29279CA80084A331 /* Detail.More.swift */; };
		CEE2800D2932409400315803 /* Detail.Top.swift in Sources */ = {isa = PBXBuildFile; fileRef = CEE2800C2932409400315803 /* Detail.Top.swift */; };
		CEEB873129225255004968FC /* UIApplication.swift in Sources */ = {isa = PBXBuildFile; fileRef = CEEB873029225255004968FC /* UIApplication.swift */; };
/* End PBXBuildFile section */

/* Begin PBXFileReference section */
		3809D5272943704C00FB1454 /* Website.Info.swift */ = {isa = PBXFileReference; lastKnownFileType = sourcecode.swift; path = Website.Info.swift; sourceTree = "<group>"; };
		3818EC39293E4B2700D93D06 /* Detail.Export.swift */ = {isa = PBXFileReference; lastKnownFileType = sourcecode.swift; path = Detail.Export.swift; sourceTree = "<group>"; };
		3830DFDD29424672000E1E78 /* Webview.Preview.swift */ = {isa = PBXFileReference; lastKnownFileType = sourcecode.swift; path = Webview.Preview.swift; sourceTree = "<group>"; };
		CE0E06EA292CFC4300C1C034 /* Download.Fail.swift */ = {isa = PBXFileReference; lastKnownFileType = sourcecode.swift; path = Download.Fail.swift; sourceTree = "<group>"; };
		CE0E06EC292CFEF100C1C034 /* Downloads.Item.swift */ = {isa = PBXFileReference; lastKnownFileType = sourcecode.swift; path = Downloads.Item.swift; sourceTree = "<group>"; };
		CE1324402912B00200418B13 /* Browser.swift */ = {isa = PBXFileReference; lastKnownFileType = sourcecode.swift; path = Browser.swift; sourceTree = "<group>"; };
		CE1324422912D0FE00418B13 /* Bar.swift */ = {isa = PBXFileReference; lastKnownFileType = sourcecode.swift; path = Bar.swift; sourceTree = "<group>"; };
		CE1324442912D1E100418B13 /* Field.swift */ = {isa = PBXFileReference; lastKnownFileType = sourcecode.swift; path = Field.swift; sourceTree = "<group>"; };
		CE1324462912D26700418B13 /* Search.swift */ = {isa = PBXFileReference; lastKnownFileType = sourcecode.swift; path = Search.swift; sourceTree = "<group>"; };
		CE28A8BA292BB17900ADB312 /* Bar.Encryption.swift */ = {isa = PBXFileReference; lastKnownFileType = sourcecode.swift; path = Bar.Encryption.swift; sourceTree = "<group>"; };
		CE2E09092930E5C2001E8FCC /* Delegate.swift */ = {isa = PBXFileReference; lastKnownFileType = sourcecode.swift; path = Delegate.swift; sourceTree = "<group>"; };
		CE36C091291534690038B79F /* Tabs.swift */ = {isa = PBXFileReference; lastKnownFileType = sourcecode.swift; path = Tabs.swift; sourceTree = "<group>"; };
		CE36C0932915349B0038B79F /* Tabs.Item.swift */ = {isa = PBXFileReference; lastKnownFileType = sourcecode.swift; path = Tabs.Item.swift; sourceTree = "<group>"; };
		CE36C0952915381B0038B79F /* Category.swift */ = {isa = PBXFileReference; lastKnownFileType = sourcecode.swift; path = Category.swift; sourceTree = "<group>"; };
		CE67A58F292673120005FCB9 /* Weberror.swift */ = {isa = PBXFileReference; lastKnownFileType = sourcecode.swift; path = Weberror.swift; sourceTree = "<group>"; };
		CE6BFCFE291D51F200595BEF /* Bookmarks.swift */ = {isa = PBXFileReference; lastKnownFileType = sourcecode.swift; path = Bookmarks.swift; sourceTree = "<group>"; };
		CEA53E3C292CDCCB00676FB4 /* Download.swift */ = {isa = PBXFileReference; lastKnownFileType = sourcecode.swift; path = Download.swift; sourceTree = "<group>"; };
		CEA53E3E292CE1FC00676FB4 /* Downloads.swift */ = {isa = PBXFileReference; lastKnownFileType = sourcecode.swift; path = Downloads.swift; sourceTree = "<group>"; };
		CEAA603229112F5D00431596 /* Privacy.app */ = {isa = PBXFileReference; explicitFileType = wrapper.application; includeInIndex = 0; path = Privacy.app; sourceTree = BUILT_PRODUCTS_DIR; };
		CEAA603529112F5D00431596 /* App.swift */ = {isa = PBXFileReference; lastKnownFileType = sourcecode.swift; path = App.swift; sourceTree = "<group>"; };
		CEAA603729112F5D00431596 /* Navigation.swift */ = {isa = PBXFileReference; lastKnownFileType = sourcecode.swift; path = Navigation.swift; sourceTree = "<group>"; };
		CEAA603929112F5E00431596 /* Assets.xcassets */ = {isa = PBXFileReference; lastKnownFileType = folder.assetcatalog; path = Assets.xcassets; sourceTree = "<group>"; };
		CEAA60442911378A00431596 /* Info.plist */ = {isa = PBXFileReference; lastKnownFileType = text.plist; path = Info.plist; sourceTree = "<group>"; };
		CEACBD1E2917ED9500A7104A /* iOS.entitlements */ = {isa = PBXFileReference; lastKnownFileType = text.plist.entitlements; path = iOS.entitlements; sourceTree = "<group>"; };
		CEACBD1F2917F14600A7104A /* History.swift */ = {isa = PBXFileReference; lastKnownFileType = sourcecode.swift; path = History.swift; sourceTree = "<group>"; };
		CEACBD232917F49B00A7104A /* History.Day.swift */ = {isa = PBXFileReference; lastKnownFileType = sourcecode.swift; path = History.Day.swift; sourceTree = "<group>"; };
		CEAFD8F4292A922100B55BB5 /* UserDefaults.swift */ = {isa = PBXFileReference; lastKnownFileType = sourcecode.swift; path = UserDefaults.swift; sourceTree = "<group>"; };
		CEB3172D291A75AC0099992E /* Detail.Progress.swift */ = {isa = PBXFileReference; lastKnownFileType = sourcecode.swift; path = Detail.Progress.swift; sourceTree = "<group>"; };
		CEB7EDF6290FEBB800A0ADEA /* Engine */ = {isa = PBXFileReference; lastKnownFileType = wrapper; path = Engine; sourceTree = "<group>"; };
		CEB94308291E65B400DF793C /* Reads.swift */ = {isa = PBXFileReference; lastKnownFileType = sourcecode.swift; path = Reads.swift; sourceTree = "<group>"; };
		CEB9430C291E7F1C00DF793C /* Bookmarks.Edit.swift */ = {isa = PBXFileReference; lastKnownFileType = sourcecode.swift; path = Bookmarks.Edit.swift; sourceTree = "<group>"; };
		CEBCB1F72919232200A35A0C /* Website.swift */ = {isa = PBXFileReference; lastKnownFileType = sourcecode.swift; path = Website.swift; sourceTree = "<group>"; };
		CECB8D7629113A86002600F1 /* Sidebar.swift */ = {isa = PBXFileReference; lastKnownFileType = sourcecode.swift; path = Sidebar.swift; sourceTree = "<group>"; };
		CECB8D7829113BA3002600F1 /* Session.swift */ = {isa = PBXFileReference; lastKnownFileType = sourcecode.swift; path = Session.swift; sourceTree = "<group>"; };
		CECB8D7A29114390002600F1 /* Detail.swift */ = {isa = PBXFileReference; lastKnownFileType = sourcecode.swift; path = Detail.swift; sourceTree = "<group>"; };
		CECB8D8029114C40002600F1 /* Tab.swift */ = {isa = PBXFileReference; lastKnownFileType = sourcecode.swift; path = Tab.swift; sourceTree = "<group>"; };
		CECB8D8329116030002600F1 /* AbstractWebview.swift */ = {isa = PBXFileReference; lastKnownFileType = sourcecode.swift; path = AbstractWebview.swift; sourceTree = "<group>"; };
		CECB8D852911620F002600F1 /* Webview.swift */ = {isa = PBXFileReference; lastKnownFileType = sourcecode.swift; path = Webview.swift; sourceTree = "<group>"; };
		CECF48B3292A5C9B00251A2D /* Detail.Reader.swift */ = {isa = PBXFileReference; lastKnownFileType = sourcecode.swift; path = Detail.Reader.swift; sourceTree = "<group>"; };
		CECF48B5292A5F6600251A2D /* AttributedString.swift */ = {isa = PBXFileReference; lastKnownFileType = sourcecode.swift; path = AttributedString.swift; sourceTree = "<group>"; };
		CEDE8B5A292E491400FEF02E /* Array.Tab.swift */ = {isa = PBXFileReference; lastKnownFileType = sourcecode.swift; path = Array.Tab.swift; sourceTree = "<group>"; };
		CEE1F16929278FC00084A331 /* Detail.Tab.swift */ = {isa = PBXFileReference; lastKnownFileType = sourcecode.swift; path = Detail.Tab.swift; sourceTree = "<group>"; };
		CEE1F16B292790160084A331 /* Detail.Error.swift */ = {isa = PBXFileReference; lastKnownFileType = sourcecode.swift; path = Detail.Error.swift; sourceTree = "<group>"; };
		CEE1F16D29279CA80084A331 /* Detail.More.swift */ = {isa = PBXFileReference; lastKnownFileType = sourcecode.swift; path = Detail.More.swift; sourceTree = "<group>"; };
		CEE2800C2932409400315803 /* Detail.Top.swift */ = {isa = PBXFileReference; lastKnownFileType = sourcecode.swift; path = Detail.Top.swift; sourceTree = "<group>"; };
		CEEB873029225255004968FC /* UIApplication.swift */ = {isa = PBXFileReference; lastKnownFileType = sourcecode.swift; path = UIApplication.swift; sourceTree = "<group>"; };
/* End PBXFileReference section */

/* Begin PBXFrameworksBuildPhase section */
		CEAA602F29112F5D00431596 /* Frameworks */ = {
			isa = PBXFrameworksBuildPhase;
			buildActionMask = 2147483647;
			files = (
				CEAA6043291136FE00431596 /* Engine in Frameworks */,
			);
			runOnlyForDeploymentPostprocessing = 0;
		};
/* End PBXFrameworksBuildPhase section */

/* Begin PBXGroup section */
		CEAA603329112F5D00431596 /* Products */ = {
			isa = PBXGroup;
			children = (
				CEAA603229112F5D00431596 /* Privacy.app */,
			);
			name = Products;
			sourceTree = "<group>";
		};
		CEAA603429112F5D00431596 /* iOS */ = {
			isa = PBXGroup;
			children = (
				CEACBD1E2917ED9500A7104A /* iOS.entitlements */,
				CEAA60442911378A00431596 /* Info.plist */,
				CEAA603529112F5D00431596 /* App.swift */,
				CEDE8B5A292E491400FEF02E /* Array.Tab.swift */,
				CE28A8BA292BB17900ADB312 /* Bar.Encryption.swift */,
				CE1324422912D0FE00418B13 /* Bar.swift */,
				CEB9430C291E7F1C00DF793C /* Bookmarks.Edit.swift */,
				CE6BFCFE291D51F200595BEF /* Bookmarks.swift */,
				CE1324402912B00200418B13 /* Browser.swift */,
				CE36C0952915381B0038B79F /* Category.swift */,
				CE2E09092930E5C2001E8FCC /* Delegate.swift */,
				CEE1F16B292790160084A331 /* Detail.Error.swift */,
				3818EC39293E4B2700D93D06 /* Detail.Export.swift */,
				CEE1F16D29279CA80084A331 /* Detail.More.swift */,
				CEB3172D291A75AC0099992E /* Detail.Progress.swift */,
				CECF48B3292A5C9B00251A2D /* Detail.Reader.swift */,
				CECB8D7A29114390002600F1 /* Detail.swift */,
				CEE1F16929278FC00084A331 /* Detail.Tab.swift */,
				CEE2800C2932409400315803 /* Detail.Top.swift */,
				CE0E06EA292CFC4300C1C034 /* Download.Fail.swift */,
				CEA53E3C292CDCCB00676FB4 /* Download.swift */,
				CE0E06EC292CFEF100C1C034 /* Downloads.Item.swift */,
				CEA53E3E292CE1FC00676FB4 /* Downloads.swift */,
				CE1324442912D1E100418B13 /* Field.swift */,
				CEACBD232917F49B00A7104A /* History.Day.swift */,
				CEACBD1F2917F14600A7104A /* History.swift */,
				CEAA603729112F5D00431596 /* Navigation.swift */,
				CEB94308291E65B400DF793C /* Reads.swift */,
				CE1324462912D26700418B13 /* Search.swift */,
				CECB8D7829113BA3002600F1 /* Session.swift */,
				CECB8D7629113A86002600F1 /* Sidebar.swift */,
				CECB8D8029114C40002600F1 /* Tab.swift */,
				CE36C0932915349B0038B79F /* Tabs.Item.swift */,
				CE36C091291534690038B79F /* Tabs.swift */,
				CEEB873029225255004968FC /* UIApplication.swift */,
				3809D5272943704C00FB1454 /* Website.Info.swift */,
				CEBCB1F72919232200A35A0C /* Website.swift */,
				3830DFDD29424672000E1E78 /* Webview.Preview.swift */,
				CECB8D852911620F002600F1 /* Webview.swift */,
				CEAA603929112F5E00431596 /* Assets.xcassets */,
			);
			path = iOS;
			sourceTree = "<group>";
		};
		CEAA6041291136FE00431596 /* Frameworks */ = {
			isa = PBXGroup;
			children = (
			);
			name = Frameworks;
			sourceTree = "<group>";
		};
		CEB7EDEF290FEB3500A0ADEA = {
			isa = PBXGroup;
			children = (
				CEB7EDF6290FEBB800A0ADEA /* Engine */,
				CEAA6041291136FE00431596 /* Frameworks */,
				CEAA603429112F5D00431596 /* iOS */,
				CEAA603329112F5D00431596 /* Products */,
				CECB8D8229116023002600F1 /* Shared */,
			);
			sourceTree = "<group>";
		};
		CECB8D8229116023002600F1 /* Shared */ = {
			isa = PBXGroup;
			children = (
				CECB8D8329116030002600F1 /* AbstractWebview.swift */,
				CECF48B5292A5F6600251A2D /* AttributedString.swift */,
				CEAFD8F4292A922100B55BB5 /* UserDefaults.swift */,
				CE67A58F292673120005FCB9 /* Weberror.swift */,
			);
			path = Shared;
			sourceTree = "<group>";
		};
/* End PBXGroup section */

/* Begin PBXNativeTarget section */
		CEAA603129112F5D00431596 /* iOS */ = {
			isa = PBXNativeTarget;
			buildConfigurationList = CEAA604029112F5E00431596 /* Build configuration list for PBXNativeTarget "iOS" */;
			buildPhases = (
				CEAA602E29112F5D00431596 /* Sources */,
				CEAA602F29112F5D00431596 /* Frameworks */,
				CEAA603029112F5D00431596 /* Resources */,
			);
			buildRules = (
			);
			dependencies = (
			);
			name = iOS;
			packageProductDependencies = (
				CEAA6042291136FE00431596 /* Engine */,
			);
			productName = iOS;
			productReference = CEAA603229112F5D00431596 /* Privacy.app */;
			productType = "com.apple.product-type.application";
		};
/* End PBXNativeTarget section */

/* Begin PBXProject section */
		CEB7EDF0290FEB3500A0ADEA /* Project object */ = {
			isa = PBXProject;
			attributes = {
				BuildIndependentTargetsInParallel = 1;
				LastSwiftUpdateCheck = 1400;
				LastUpgradeCheck = 1410;
				TargetAttributes = {
					CEAA603129112F5D00431596 = {
						CreatedOnToolsVersion = 14.0.1;
					};
				};
			};
			buildConfigurationList = CEB7EDF3290FEB3500A0ADEA /* Build configuration list for PBXProject "Browser" */;
			compatibilityVersion = "Xcode 14.0";
			developmentRegion = en;
			hasScannedForEncodings = 0;
			knownRegions = (
				en,
				Base,
			);
			mainGroup = CEB7EDEF290FEB3500A0ADEA;
			productRefGroup = CEAA603329112F5D00431596 /* Products */;
			projectDirPath = "";
			projectRoot = "";
			targets = (
				CEAA603129112F5D00431596 /* iOS */,
			);
		};
/* End PBXProject section */

/* Begin PBXResourcesBuildPhase section */
		CEAA603029112F5D00431596 /* Resources */ = {
			isa = PBXResourcesBuildPhase;
			buildActionMask = 2147483647;
			files = (
				CEAA603A29112F5E00431596 /* Assets.xcassets in Resources */,
			);
			runOnlyForDeploymentPostprocessing = 0;
		};
/* End PBXResourcesBuildPhase section */

/* Begin PBXSourcesBuildPhase section */
		CEAA602E29112F5D00431596 /* Sources */ = {
			isa = PBXSourcesBuildPhase;
			buildActionMask = 2147483647;
			files = (
				CEEB873129225255004968FC /* UIApplication.swift in Sources */,
				CEA53E3D292CDCCB00676FB4 /* Download.swift in Sources */,
				CE67A590292673120005FCB9 /* Weberror.swift in Sources */,
				CEACBD242917F49B00A7104A /* History.Day.swift in Sources */,
				CECB8D862911620F002600F1 /* Webview.swift in Sources */,
				CE1324432912D0FE00418B13 /* Bar.swift in Sources */,
				CECB8D7929113BA3002600F1 /* Session.swift in Sources */,
				CE0E06ED292CFEF100C1C034 /* Downloads.Item.swift in Sources */,
				CECF48B6292A5F6600251A2D /* AttributedString.swift in Sources */,
				CEAA603829112F5D00431596 /* Navigation.swift in Sources */,
				CEE1F16E29279CA80084A331 /* Detail.More.swift in Sources */,
				CECB8D8429116030002600F1 /* AbstractWebview.swift in Sources */,
				CECB8D8129114C40002600F1 /* Tab.swift in Sources */,
				CE1324452912D1E200418B13 /* Field.swift in Sources */,
				CE6BFCFF291D51F200595BEF /* Bookmarks.swift in Sources */,
				CE36C092291534690038B79F /* Tabs.swift in Sources */,
				CE28A8BB292BB17900ADB312 /* Bar.Encryption.swift in Sources */,
				CECF48B4292A5C9B00251A2D /* Detail.Reader.swift in Sources */,
				CE36C0962915381B0038B79F /* Category.swift in Sources */,
				3818EC3A293E4B2700D93D06 /* Detail.Export.swift in Sources */,
				CECB8D7729113A86002600F1 /* Sidebar.swift in Sources */,
				CEACBD202917F14600A7104A /* History.swift in Sources */,
				CEDE8B5B292E491400FEF02E /* Array.Tab.swift in Sources */,
				CE0E06EB292CFC4300C1C034 /* Download.Fail.swift in Sources */,
				CEE1F16C292790160084A331 /* Detail.Error.swift in Sources */,
				CEE1F16A29278FC00084A331 /* Detail.Tab.swift in Sources */,
				CECB8D7B29114390002600F1 /* Detail.swift in Sources */,
				CE1324412912B00200418B13 /* Browser.swift in Sources */,
				CEAFD8F5292A922100B55BB5 /* UserDefaults.swift in Sources */,
				CE36C0942915349B0038B79F /* Tabs.Item.swift in Sources */,
				CEAA603629112F5D00431596 /* App.swift in Sources */,
				CE2E090A2930E5C2001E8FCC /* Delegate.swift in Sources */,
				CE1324472912D26700418B13 /* Search.swift in Sources */,
				3830DFDE29424672000E1E78 /* Webview.Preview.swift in Sources */,
				CEB3172E291A75AC0099992E /* Detail.Progress.swift in Sources */,
				3809D5282943704C00FB1454 /* Website.Info.swift in Sources */,
				CEB9430D291E7F1C00DF793C /* Bookmarks.Edit.swift in Sources */,
				CEA53E3F292CE1FC00676FB4 /* Downloads.swift in Sources */,
				CEBCB1F82919232200A35A0C /* Website.swift in Sources */,
				CEB94309291E65B400DF793C /* Reads.swift in Sources */,
				CEE2800D2932409400315803 /* Detail.Top.swift in Sources */,
			);
			runOnlyForDeploymentPostprocessing = 0;
		};
/* End PBXSourcesBuildPhase section */

/* Begin XCBuildConfiguration section */
		CEAA603E29112F5E00431596 /* Debug */ = {
			isa = XCBuildConfiguration;
			buildSettings = {
				ALWAYS_SEARCH_USER_PATHS = NO;
				ASSETCATALOG_COMPILER_APPICON_NAME = AppIcon;
				ASSETCATALOG_COMPILER_GLOBAL_ACCENT_COLOR_NAME = AccentColor;
				ASSETCATALOG_COMPILER_INCLUDE_ALL_APPICON_ASSETS = YES;
				CLANG_ANALYZER_NONNULL = YES;
				CLANG_ANALYZER_NUMBER_OBJECT_CONVERSION = YES_AGGRESSIVE;
				CLANG_CXX_LANGUAGE_STANDARD = "gnu++20";
				CLANG_ENABLE_OBJC_ARC = YES;
				CLANG_ENABLE_OBJC_WEAK = YES;
				CLANG_WARN_BLOCK_CAPTURE_AUTORELEASING = YES;
				CLANG_WARN_BOOL_CONVERSION = YES;
				CLANG_WARN_COMMA = YES;
				CLANG_WARN_CONSTANT_CONVERSION = YES;
				CLANG_WARN_DEPRECATED_OBJC_IMPLEMENTATIONS = YES;
				CLANG_WARN_DIRECT_OBJC_ISA_USAGE = YES_ERROR;
				CLANG_WARN_DOCUMENTATION_COMMENTS = YES;
				CLANG_WARN_EMPTY_BODY = YES;
				CLANG_WARN_ENUM_CONVERSION = YES;
				CLANG_WARN_INFINITE_RECURSION = YES;
				CLANG_WARN_INT_CONVERSION = YES;
				CLANG_WARN_NON_LITERAL_NULL_CONVERSION = YES;
				CLANG_WARN_OBJC_IMPLICIT_RETAIN_SELF = YES;
				CLANG_WARN_OBJC_LITERAL_CONVERSION = YES;
				CLANG_WARN_OBJC_ROOT_CLASS = YES_ERROR;
				CLANG_WARN_QUOTED_INCLUDE_IN_FRAMEWORK_HEADER = YES;
				CLANG_WARN_RANGE_LOOP_ANALYSIS = YES;
				CLANG_WARN_STRICT_PROTOTYPES = YES;
				CLANG_WARN_SUSPICIOUS_MOVE = YES;
				CLANG_WARN_UNGUARDED_AVAILABILITY = YES_AGGRESSIVE;
				CLANG_WARN_UNREACHABLE_CODE = YES;
				CLANG_WARN__DUPLICATE_METHOD_MATCH = YES;
				CODE_SIGN_ENTITLEMENTS = iOS/iOS.entitlements;
				CODE_SIGN_STYLE = Automatic;
				COPY_PHASE_STRIP = NO;
				DEVELOPMENT_ASSET_PATHS = "";
				DEVELOPMENT_TEAM = 7AMWG3RLHN;
				ENABLE_STRICT_OBJC_MSGSEND = YES;
				ENABLE_TESTABILITY = YES;
				GCC_C_LANGUAGE_STANDARD = gnu11;
				GCC_DYNAMIC_NO_PIC = NO;
				GCC_NO_COMMON_BLOCKS = YES;
				GCC_PREPROCESSOR_DEFINITIONS = (
					"DEBUG=1",
					"$(inherited)",
				);
				GCC_WARN_64_TO_32_BIT_CONVERSION = YES;
				GCC_WARN_ABOUT_RETURN_TYPE = YES_ERROR;
				GCC_WARN_UNDECLARED_SELECTOR = YES;
				GCC_WARN_UNINITIALIZED_AUTOS = YES_AGGRESSIVE;
				GCC_WARN_UNUSED_FUNCTION = YES;
				GCC_WARN_UNUSED_VARIABLE = YES;
				GENERATE_INFOPLIST_FILE = YES;
				INFOPLIST_FILE = iOS/Info.plist;
				INFOPLIST_KEY_CFBundleDisplayName = Privacy;
				INFOPLIST_KEY_LSApplicationCategoryType = "public.app-category.utilities";
				INFOPLIST_KEY_LSSupportsOpeningDocumentsInPlace = NO;
				INFOPLIST_KEY_NSLocationWhenInUseUsageDescription = "This website wants to access your location.";
				INFOPLIST_KEY_NSPhotoLibraryAddUsageDescription = "Save photos to your library";
				INFOPLIST_KEY_UIApplicationSupportsIndirectInputEvents = YES;
				INFOPLIST_KEY_UILaunchScreen_Generation = YES;
				INFOPLIST_KEY_UIRequiresFullScreen = YES;
				INFOPLIST_KEY_UISupportedInterfaceOrientations = UIInterfaceOrientationPortrait;
				INFOPLIST_KEY_UISupportedInterfaceOrientations_iPad = "UIInterfaceOrientationLandscapeLeft UIInterfaceOrientationLandscapeRight UIInterfaceOrientationPortrait UIInterfaceOrientationPortraitUpsideDown";
				LD_RUNPATH_SEARCH_PATHS = (
					"$(inherited)",
					"@executable_path/Frameworks",
				);
				MTL_ENABLE_DEBUG_INFO = INCLUDE_SOURCE;
				MTL_FAST_MATH = YES;
				ONLY_ACTIVE_ARCH = YES;
				PRODUCT_BUNDLE_IDENTIFIER = incognit;
				SDKROOT = iphoneos;
				SUPPORTED_PLATFORMS = "iphoneos iphonesimulator";
				SUPPORTS_MACCATALYST = NO;
				SUPPORTS_MAC_DESIGNED_FOR_IPHONE_IPAD = NO;
				SWIFT_ACTIVE_COMPILATION_CONDITIONS = DEBUG;
				SWIFT_EMIT_LOC_STRINGS = YES;
				TARGETED_DEVICE_FAMILY = "1,2";
			};
			name = Debug;
		};
		CEAA603F29112F5E00431596 /* Release */ = {
			isa = XCBuildConfiguration;
			buildSettings = {
				ALWAYS_SEARCH_USER_PATHS = NO;
				ASSETCATALOG_COMPILER_APPICON_NAME = AppIcon;
				ASSETCATALOG_COMPILER_GLOBAL_ACCENT_COLOR_NAME = AccentColor;
				ASSETCATALOG_COMPILER_INCLUDE_ALL_APPICON_ASSETS = YES;
				CLANG_ANALYZER_NONNULL = YES;
				CLANG_ANALYZER_NUMBER_OBJECT_CONVERSION = YES_AGGRESSIVE;
				CLANG_CXX_LANGUAGE_STANDARD = "gnu++20";
				CLANG_ENABLE_OBJC_ARC = YES;
				CLANG_ENABLE_OBJC_WEAK = YES;
				CLANG_WARN_BLOCK_CAPTURE_AUTORELEASING = YES;
				CLANG_WARN_BOOL_CONVERSION = YES;
				CLANG_WARN_COMMA = YES;
				CLANG_WARN_CONSTANT_CONVERSION = YES;
				CLANG_WARN_DEPRECATED_OBJC_IMPLEMENTATIONS = YES;
				CLANG_WARN_DIRECT_OBJC_ISA_USAGE = YES_ERROR;
				CLANG_WARN_DOCUMENTATION_COMMENTS = YES;
				CLANG_WARN_EMPTY_BODY = YES;
				CLANG_WARN_ENUM_CONVERSION = YES;
				CLANG_WARN_INFINITE_RECURSION = YES;
				CLANG_WARN_INT_CONVERSION = YES;
				CLANG_WARN_NON_LITERAL_NULL_CONVERSION = YES;
				CLANG_WARN_OBJC_IMPLICIT_RETAIN_SELF = YES;
				CLANG_WARN_OBJC_LITERAL_CONVERSION = YES;
				CLANG_WARN_OBJC_ROOT_CLASS = YES_ERROR;
				CLANG_WARN_QUOTED_INCLUDE_IN_FRAMEWORK_HEADER = YES;
				CLANG_WARN_RANGE_LOOP_ANALYSIS = YES;
				CLANG_WARN_STRICT_PROTOTYPES = YES;
				CLANG_WARN_SUSPICIOUS_MOVE = YES;
				CLANG_WARN_UNGUARDED_AVAILABILITY = YES_AGGRESSIVE;
				CLANG_WARN_UNREACHABLE_CODE = YES;
				CLANG_WARN__DUPLICATE_METHOD_MATCH = YES;
				CODE_SIGN_ENTITLEMENTS = iOS/iOS.entitlements;
				CODE_SIGN_STYLE = Automatic;
				COPY_PHASE_STRIP = NO;
				DEVELOPMENT_ASSET_PATHS = "";
				DEVELOPMENT_TEAM = 7AMWG3RLHN;
				ENABLE_NS_ASSERTIONS = NO;
				ENABLE_STRICT_OBJC_MSGSEND = YES;
				GCC_C_LANGUAGE_STANDARD = gnu11;
				GCC_NO_COMMON_BLOCKS = YES;
				GCC_WARN_64_TO_32_BIT_CONVERSION = YES;
				GCC_WARN_ABOUT_RETURN_TYPE = YES_ERROR;
				GCC_WARN_UNDECLARED_SELECTOR = YES;
				GCC_WARN_UNINITIALIZED_AUTOS = YES_AGGRESSIVE;
				GCC_WARN_UNUSED_FUNCTION = YES;
				GCC_WARN_UNUSED_VARIABLE = YES;
				GENERATE_INFOPLIST_FILE = YES;
				INFOPLIST_FILE = iOS/Info.plist;
				INFOPLIST_KEY_CFBundleDisplayName = Privacy;
				INFOPLIST_KEY_LSApplicationCategoryType = "public.app-category.utilities";
				INFOPLIST_KEY_LSSupportsOpeningDocumentsInPlace = NO;
				INFOPLIST_KEY_NSLocationWhenInUseUsageDescription = "This website wants to access your location.";
				INFOPLIST_KEY_NSPhotoLibraryAddUsageDescription = "Save photos to your library";
				INFOPLIST_KEY_UIApplicationSupportsIndirectInputEvents = YES;
				INFOPLIST_KEY_UILaunchScreen_Generation = YES;
				INFOPLIST_KEY_UIRequiresFullScreen = YES;
				INFOPLIST_KEY_UISupportedInterfaceOrientations = UIInterfaceOrientationPortrait;
				INFOPLIST_KEY_UISupportedInterfaceOrientations_iPad = "UIInterfaceOrientationLandscapeLeft UIInterfaceOrientationLandscapeRight UIInterfaceOrientationPortrait UIInterfaceOrientationPortraitUpsideDown";
				LD_RUNPATH_SEARCH_PATHS = (
					"$(inherited)",
					"@executable_path/Frameworks",
				);
				MTL_ENABLE_DEBUG_INFO = NO;
				MTL_FAST_MATH = YES;
				PRODUCT_BUNDLE_IDENTIFIER = incognit;
				SDKROOT = iphoneos;
				SUPPORTED_PLATFORMS = "iphoneos iphonesimulator";
				SUPPORTS_MACCATALYST = NO;
				SUPPORTS_MAC_DESIGNED_FOR_IPHONE_IPAD = NO;
				SWIFT_EMIT_LOC_STRINGS = YES;
				TARGETED_DEVICE_FAMILY = "1,2";
				VALIDATE_PRODUCT = YES;
			};
			name = Release;
		};
		CEB7EDF4290FEB3500A0ADEA /* Debug */ = {
			isa = XCBuildConfiguration;
			buildSettings = {
				CLANG_ENABLE_MODULES = YES;
				CLANG_WARN_BLOCK_CAPTURE_AUTORELEASING = YES;
				CLANG_WARN_BOOL_CONVERSION = YES;
				CLANG_WARN_COMMA = YES;
				CLANG_WARN_CONSTANT_CONVERSION = YES;
				CLANG_WARN_DEPRECATED_OBJC_IMPLEMENTATIONS = YES;
				CLANG_WARN_EMPTY_BODY = YES;
				CLANG_WARN_ENUM_CONVERSION = YES;
				CLANG_WARN_INFINITE_RECURSION = YES;
				CLANG_WARN_INT_CONVERSION = YES;
				CLANG_WARN_NON_LITERAL_NULL_CONVERSION = YES;
				CLANG_WARN_OBJC_IMPLICIT_RETAIN_SELF = YES;
				CLANG_WARN_OBJC_LITERAL_CONVERSION = YES;
				CLANG_WARN_QUOTED_INCLUDE_IN_FRAMEWORK_HEADER = YES;
				CLANG_WARN_RANGE_LOOP_ANALYSIS = YES;
				CLANG_WARN_STRICT_PROTOTYPES = YES;
				CLANG_WARN_SUSPICIOUS_MOVE = YES;
				CLANG_WARN_UNREACHABLE_CODE = YES;
				CLANG_WARN__DUPLICATE_METHOD_MATCH = YES;
				CURRENT_PROJECT_VERSION = "$(MARKETING_VERSION)";
				DEAD_CODE_STRIPPING = YES;
				DEBUG_INFORMATION_FORMAT = dwarf;
				ENABLE_STRICT_OBJC_MSGSEND = YES;
				ENABLE_TESTABILITY = YES;
				GCC_NO_COMMON_BLOCKS = YES;
				GCC_OPTIMIZATION_LEVEL = 0;
				GCC_WARN_64_TO_32_BIT_CONVERSION = YES;
				GCC_WARN_ABOUT_RETURN_TYPE = YES;
				GCC_WARN_UNDECLARED_SELECTOR = YES;
				GCC_WARN_UNINITIALIZED_AUTOS = YES;
				GCC_WARN_UNUSED_FUNCTION = YES;
				GCC_WARN_UNUSED_VARIABLE = YES;
				IPHONEOS_DEPLOYMENT_TARGET = 16.0;
				MARKETING_VERSION = 132;
				ONLY_ACTIVE_ARCH = YES;
				PRODUCT_NAME = Privacy;
				SWIFT_COMPILATION_MODE = singlefile;
				SWIFT_OPTIMIZATION_LEVEL = "-Onone";
				SWIFT_STRICT_CONCURRENCY = complete;
				SWIFT_VERSION = 5.0;
				WATCHOS_DEPLOYMENT_TARGET = 9.0;
			};
			name = Debug;
		};
		CEB7EDF5290FEB3500A0ADEA /* Release */ = {
			isa = XCBuildConfiguration;
			buildSettings = {
				CLANG_ENABLE_MODULES = YES;
				CLANG_WARN_BLOCK_CAPTURE_AUTORELEASING = YES;
				CLANG_WARN_BOOL_CONVERSION = YES;
				CLANG_WARN_COMMA = YES;
				CLANG_WARN_CONSTANT_CONVERSION = YES;
				CLANG_WARN_DEPRECATED_OBJC_IMPLEMENTATIONS = YES;
				CLANG_WARN_EMPTY_BODY = YES;
				CLANG_WARN_ENUM_CONVERSION = YES;
				CLANG_WARN_INFINITE_RECURSION = YES;
				CLANG_WARN_INT_CONVERSION = YES;
				CLANG_WARN_NON_LITERAL_NULL_CONVERSION = YES;
				CLANG_WARN_OBJC_IMPLICIT_RETAIN_SELF = YES;
				CLANG_WARN_OBJC_LITERAL_CONVERSION = YES;
				CLANG_WARN_QUOTED_INCLUDE_IN_FRAMEWORK_HEADER = YES;
				CLANG_WARN_RANGE_LOOP_ANALYSIS = YES;
				CLANG_WARN_STRICT_PROTOTYPES = YES;
				CLANG_WARN_SUSPICIOUS_MOVE = YES;
				CLANG_WARN_UNREACHABLE_CODE = YES;
				CLANG_WARN__DUPLICATE_METHOD_MATCH = YES;
				CURRENT_PROJECT_VERSION = "$(MARKETING_VERSION)";
				DEAD_CODE_STRIPPING = YES;
				DEBUG_INFORMATION_FORMAT = "dwarf-with-dsym";
				ENABLE_STRICT_OBJC_MSGSEND = YES;
				GCC_NO_COMMON_BLOCKS = YES;
				GCC_OPTIMIZATION_LEVEL = fast;
				GCC_WARN_64_TO_32_BIT_CONVERSION = YES;
				GCC_WARN_ABOUT_RETURN_TYPE = YES;
				GCC_WARN_UNDECLARED_SELECTOR = YES;
				GCC_WARN_UNINITIALIZED_AUTOS = YES;
				GCC_WARN_UNUSED_FUNCTION = YES;
				GCC_WARN_UNUSED_VARIABLE = YES;
				IPHONEOS_DEPLOYMENT_TARGET = 16.0;
				MARKETING_VERSION = 132;
				PRODUCT_NAME = Privacy;
				SWIFT_COMPILATION_MODE = wholemodule;
				SWIFT_OPTIMIZATION_LEVEL = "-O";
				SWIFT_STRICT_CONCURRENCY = complete;
				SWIFT_VERSION = 5.0;
				WATCHOS_DEPLOYMENT_TARGET = 9.0;
			};
			name = Release;
		};
/* End XCBuildConfiguration section */

/* Begin XCConfigurationList section */
		CEAA604029112F5E00431596 /* Build configuration list for PBXNativeTarget "iOS" */ = {
			isa = XCConfigurationList;
			buildConfigurations = (
				CEAA603E29112F5E00431596 /* Debug */,
				CEAA603F29112F5E00431596 /* Release */,
			);
			defaultConfigurationIsVisible = 0;
			defaultConfigurationName = Release;
		};
		CEB7EDF3290FEB3500A0ADEA /* Build configuration list for PBXProject "Browser" */ = {
			isa = XCConfigurationList;
			buildConfigurations = (
				CEB7EDF4290FEB3500A0ADEA /* Debug */,
				CEB7EDF5290FEB3500A0ADEA /* Release */,
			);
			defaultConfigurationIsVisible = 0;
			defaultConfigurationName = Release;
		};
/* End XCConfigurationList section */

/* Begin XCSwiftPackageProductDependency section */
		CEAA6042291136FE00431596 /* Engine */ = {
			isa = XCSwiftPackageProductDependency;
			productName = Engine;
		};
/* End XCSwiftPackageProductDependency section */
	};
	rootObject = CEB7EDF0290FEB3500A0ADEA /* Project object */;
}
