// !$*UTF8*$!
{
	archiveVersion = 1;
	classes = {
	};
	objectVersion = 56;
	objects = {

/* Begin PBXFileReference section */
		CEB7EDF6290FEBB800A0ADEA /* Engine */ = {isa = PBXFileReference; lastKnownFileType = wrapper; path = Engine; sourceTree = "<group>"; };
/* End PBXFileReference section */

/* Begin PBXGroup section */
		CEB7EDEF290FEB3500A0ADEA = {
			isa = PBXGroup;
			children = (
				CEB7EDF6290FEBB800A0ADEA /* Engine */,
			);
			sourceTree = "<group>";
		};
/* End PBXGroup section */

/* Begin PBXProject section */
		CEB7EDF0290FEB3500A0ADEA /* Project object */ = {
			isa = PBXProject;
			attributes = {
				BuildIndependentTargetsInParallel = 1;
				LastUpgradeCheck = 1400;
			};
			buildConfigurationList = CEB7EDF3290FEB3500A0ADEA /* Build configuration list for PBXProject "Browser" */;
			compatibilityVersion = "Xcode 14.0";
			developmentRegion = en;
			hasScannedForEncodings = 0;
			knownRegions = (
				en,
				Base,
			);
			mainGroup = CEB7EDEF290FEB3500A0ADEA;
			projectDirPath = "";
			projectRoot = "";
			targets = (
			);
		};
/* End PBXProject section */

/* Begin XCBuildConfiguration section */
		CEB7EDF4290FEB3500A0ADEA /* Debug */ = {
			isa = XCBuildConfiguration;
			buildSettings = {
			};
			name = Debug;
		};
		CEB7EDF5290FEB3500A0ADEA /* Release */ = {
			isa = XCBuildConfiguration;
			buildSettings = {
			};
			name = Release;
		};
/* End XCBuildConfiguration section */

/* Begin XCConfigurationList section */
		CEB7EDF3290FEB3500A0ADEA /* Build configuration list for PBXProject "Browser" */ = {
			isa = XCConfigurationList;
			buildConfigurations = (
				CEB7EDF4290FEB3500A0ADEA /* Debug */,
				CEB7EDF5290FEB3500A0ADEA /* Release */,
			);
			defaultConfigurationIsVisible = 0;
			defaultConfigurationName = Release;
		};
/* End XCConfigurationList section */
	};
	rootObject = CEB7EDF0290FEB3500A0ADEA /* Project object */;
}
